{
  "originHash" : "39d88ae2a34f1d89719e28f300cba6ca9a8bfcc15836f23a1b31b5b4d4d3814d",
  "pins" : [
    {
      "identity" : "datacompression",
      "kind" : "remoteSourceControl",
      "location" : "https://github.com/mw99/DataCompression.git",
      "state" : {
        "revision" : "5ab15951321b08b74511601cbd0497667649d70b",
        "version" : "3.8.0"
      }
    },
    {
      "identity" : "tarscape",
      "kind" : "remoteSourceControl",
      "location" : "https://github.com/kayembi/Tarscape.git",
      "state" : {
        "branch" : "main",
        "revision" : "ce026160f8f009275afd1cc8175a199aa3ec0072"
      }
    },
    {
      "identity" : "voicevoxcoreswift",
      "kind" : "remoteSourceControl",
      "location" : "https://github.com/yamachu/VoicevoxCoreSwift.git",
      "state" : {
        "branch" : "main",
        "revision" : "1350769b451b691fef0215074c0067bec32c1348"
      }
    },
    {
      "identity" : "voicevoxcoreswiftpm",
      "kind" : "remoteSourceControl",
      "location" : "https://github.com/yamachu/VoicevoxCoreSwiftPM.git",
      "state" : {
        "branch" : "main",
        "revision" : "bc5e1b79ab46f7c70928466141fbbd45f65ade3f"
      }
    }
  ],
  "version" : 3
}
